
Microsoft Visual Studio Solution File, Format Version 12.00
Project("{FAE04EC0-301F-11D3-BF4B-00C04F79EFBC}") = "Integers", "Integers\Integers.csproj", "{2292D7E7-D5CB-4224-861C-16BA64E449ED}"
EndProject
Project("{FAE04EC0-301F-11D3-BF4B-00C04F79EFBC}") = "NumericsTests", "NumericsTests\NumericsTests.csproj", "{E17E21A2-B948-4952-A41C-84B43FEA1FF7}"
EndProject
Project("{FAE04EC0-301F-11D3-BF4B-00C04F79EFBC}") = "Types", "Types\Types.csproj", "{168F74F9-AA12-475F-9D6B-59FC86F5388B}"
EndProject
Project("{FAE04EC0-301F-11D3-BF4B-00C04F79EFBC}") = "Geometry", "Geometry\Geometry.csproj", "{7F8749C3-D7D3-473C-8A41-373E4235E049}"
EndProject
Project("{FAE04EC0-301F-11D3-BF4B-00C04F79EFBC}") = "Maths", "Maths\Maths.csproj", "{568A71DB-CBA2-4F9B-B3C0-3024B22E2AF4}"
EndProject
Global
	GlobalSection(SolutionConfigurationPlatforms) = preSolution
		Debug|Any CPU = Debug|Any CPU
		Release|Any CPU = Release|Any CPU
	EndGlobalSection
	GlobalSection(ProjectConfigurationPlatforms) = postSolution
		{2292D7E7-D5CB-4224-861C-16BA64E449ED}.Debug|Any CPU.ActiveCfg = Debug|Any CPU
		{2292D7E7-D5CB-4224-861C-16BA64E449ED}.Debug|Any CPU.Build.0 = Debug|Any CPU
		{2292D7E7-D5CB-4224-861C-16BA64E449ED}.Release|Any CPU.ActiveCfg = Release|Any CPU
		{2292D7E7-D5CB-4224-861C-16BA64E449ED}.Release|Any CPU.Build.0 = Release|Any CPU
		{E17E21A2-B948-4952-A41C-84B43FEA1FF7}.Debug|Any CPU.ActiveCfg = Debug|Any CPU
		{E17E21A2-B948-4952-A41C-84B43FEA1FF7}.Debug|Any CPU.Build.0 = Debug|Any CPU
		{E17E21A2-B948-4952-A41C-84B43FEA1FF7}.Release|Any CPU.ActiveCfg = Release|Any CPU
		{E17E21A2-B948-4952-A41C-84B43FEA1FF7}.Release|Any CPU.Build.0 = Release|Any CPU
		{168F74F9-AA12-475F-9D6B-59FC86F5388B}.Debug|Any CPU.ActiveCfg = Debug|Any CPU
		{168F74F9-AA12-475F-9D6B-59FC86F5388B}.Debug|Any CPU.Build.0 = Debug|Any CPU
		{168F74F9-AA12-475F-9D6B-59FC86F5388B}.Release|Any CPU.ActiveCfg = Release|Any CPU
		{168F74F9-AA12-475F-9D6B-59FC86F5388B}.Release|Any CPU.Build.0 = Release|Any CPU
		{7F8749C3-D7D3-473C-8A41-373E4235E049}.Debug|Any CPU.ActiveCfg = Debug|Any CPU
		{7F8749C3-D7D3-473C-8A41-373E4235E049}.Debug|Any CPU.Build.0 = Debug|Any CPU
		{7F8749C3-D7D3-473C-8A41-373E4235E049}.Release|Any CPU.ActiveCfg = Release|Any CPU
		{7F8749C3-D7D3-473C-8A41-373E4235E049}.Release|Any CPU.Build.0 = Release|Any CPU
		{568A71DB-CBA2-4F9B-B3C0-3024B22E2AF4}.Debug|Any CPU.ActiveCfg = Debug|Any CPU
		{568A71DB-CBA2-4F9B-B3C0-3024B22E2AF4}.Debug|Any CPU.Build.0 = Debug|Any CPU
		{568A71DB-CBA2-4F9B-B3C0-3024B22E2AF4}.Release|Any CPU.ActiveCfg = Release|Any CPU
		{568A71DB-CBA2-4F9B-B3C0-3024B22E2AF4}.Release|Any CPU.Build.0 = Release|Any CPU
	EndGlobalSection
EndGlobal
